
Microsoft Visual Studio Solution File, Format Version 12.00
# Visual Studio 14
VisualStudioVersion = 14.0.25420.1
MinimumVisualStudioVersion = 10.0.40219.1
Project("{FAE04EC0-301F-11D3-BF4B-00C04F79EFBC}") = "Scannify", "Scannify\Scannify\Scannify.csproj", "{FC05473D-97AE-4F14-83E1-04D12831E86F}"
EndProject
Project("{FAE04EC0-301F-11D3-BF4B-00C04F79EFBC}") = "Scannify.Droid", "Scannify\Scannify.Droid\Scannify.Droid.csproj", "{1C31E59C-A379-49B0-8AB1-62B2FEFEE6D0}"
EndProject
Project("{FAE04EC0-301F-11D3-BF4B-00C04F79EFBC}") = "Scannify.iOS", "Scannify\Scannify.iOS\Scannify.iOS.csproj", "{7D48C6B3-67C1-4372-933A-C92F08B38A07}"
EndProject
Project("{FAE04EC0-301F-11D3-BF4B-00C04F79EFBC}") = "Scannify.WinPhone", "Scannify\Scannify.WinPhone\Scannify.WinPhone.csproj", "{C9ADBFFC-94B1-4CAE-B555-5FB71CE87BAF}"
EndProject
Project("{FAE04EC0-301F-11D3-BF4B-00C04F79EFBC}") = "Scannify.UWP", "Scannify\Scannify.UWP\Scannify.UWP.csproj", "{8521E342-28E1-457A-BB25-4B949C990757}"
EndProject
Project("{FAE04EC0-301F-11D3-BF4B-00C04F79EFBC}") = "Scannify.Windows", "Scannify\Scannify.Windows\Scannify.Windows.csproj", "{58A601E1-DB50-46AB-8AA2-69D732249AD9}"
EndProject
Global
	GlobalSection(SolutionConfigurationPlatforms) = preSolution
		Ad-Hoc|Any CPU = Ad-Hoc|Any CPU
		Ad-Hoc|ARM = Ad-Hoc|ARM
		Ad-Hoc|iPhone = Ad-Hoc|iPhone
		Ad-Hoc|iPhoneSimulator = Ad-Hoc|iPhoneSimulator
		Ad-Hoc|x64 = Ad-Hoc|x64
		Ad-Hoc|x86 = Ad-Hoc|x86
		AppStore|Any CPU = AppStore|Any CPU
		AppStore|ARM = AppStore|ARM
		AppStore|iPhone = AppStore|iPhone
		AppStore|iPhoneSimulator = AppStore|iPhoneSimulator
		AppStore|x64 = AppStore|x64
		AppStore|x86 = AppStore|x86
		Debug|Any CPU = Debug|Any CPU
		Debug|ARM = Debug|ARM
		Debug|iPhone = Debug|iPhone
		Debug|iPhoneSimulator = Debug|iPhoneSimulator
		Debug|x64 = Debug|x64
		Debug|x86 = Debug|x86
		Release|Any CPU = Release|Any CPU
		Release|ARM = Release|ARM
		Release|iPhone = Release|iPhone
		Release|iPhoneSimulator = Release|iPhoneSimulator
		Release|x64 = Release|x64
		Release|x86 = Release|x86
	EndGlobalSection
	GlobalSection(ProjectConfigurationPlatforms) = postSolution
		{FC05473D-97AE-4F14-83E1-04D12831E86F}.Ad-Hoc|Any CPU.ActiveCfg = Release|Any CPU
		{FC05473D-97AE-4F14-83E1-04D12831E86F}.Ad-Hoc|Any CPU.Build.0 = Release|Any CPU
		{FC05473D-97AE-4F14-83E1-04D12831E86F}.Ad-Hoc|ARM.ActiveCfg = Release|Any CPU
		{FC05473D-97AE-4F14-83E1-04D12831E86F}.Ad-Hoc|ARM.Build.0 = Release|Any CPU
		{FC05473D-97AE-4F14-83E1-04D12831E86F}.Ad-Hoc|iPhone.ActiveCfg = Release|Any CPU
		{FC05473D-97AE-4F14-83E1-04D12831E86F}.Ad-Hoc|iPhone.Build.0 = Release|Any CPU
		{FC05473D-97AE-4F14-83E1-04D12831E86F}.Ad-Hoc|iPhoneSimulator.ActiveCfg = Release|Any CPU
		{FC05473D-97AE-4F14-83E1-04D12831E86F}.Ad-Hoc|iPhoneSimulator.Build.0 = Release|Any CPU
		{FC05473D-97AE-4F14-83E1-04D12831E86F}.Ad-Hoc|x64.ActiveCfg = Release|Any CPU
		{FC05473D-97AE-4F14-83E1-04D12831E86F}.Ad-Hoc|x64.Build.0 = Release|Any CPU
		{FC05473D-97AE-4F14-83E1-04D12831E86F}.Ad-Hoc|x86.ActiveCfg = Release|Any CPU
		{FC05473D-97AE-4F14-83E1-04D12831E86F}.Ad-Hoc|x86.Build.0 = Release|Any CPU
		{FC05473D-97AE-4F14-83E1-04D12831E86F}.AppStore|Any CPU.ActiveCfg = Release|Any CPU
		{FC05473D-97AE-4F14-83E1-04D12831E86F}.AppStore|Any CPU.Build.0 = Release|Any CPU
		{FC05473D-97AE-4F14-83E1-04D12831E86F}.AppStore|ARM.ActiveCfg = Release|Any CPU
		{FC05473D-97AE-4F14-83E1-04D12831E86F}.AppStore|ARM.Build.0 = Release|Any CPU
		{FC05473D-97AE-4F14-83E1-04D12831E86F}.AppStore|iPhone.ActiveCfg = Release|Any CPU
		{FC05473D-97AE-4F14-83E1-04D12831E86F}.AppStore|iPhone.Build.0 = Release|Any CPU
		{FC05473D-97AE-4F14-83E1-04D12831E86F}.AppStore|iPhoneSimulator.ActiveCfg = Release|Any CPU
		{FC05473D-97AE-4F14-83E1-04D12831E86F}.AppStore|iPhoneSimulator.Build.0 = Release|Any CPU
		{FC05473D-97AE-4F14-83E1-04D12831E86F}.AppStore|x64.ActiveCfg = Release|Any CPU
		{FC05473D-97AE-4F14-83E1-04D12831E86F}.AppStore|x64.Build.0 = Release|Any CPU
		{FC05473D-97AE-4F14-83E1-04D12831E86F}.AppStore|x86.ActiveCfg = Release|Any CPU
		{FC05473D-97AE-4F14-83E1-04D12831E86F}.AppStore|x86.Build.0 = Release|Any CPU
		{FC05473D-97AE-4F14-83E1-04D12831E86F}.Debug|Any CPU.ActiveCfg = Debug|Any CPU
		{FC05473D-97AE-4F14-83E1-04D12831E86F}.Debug|Any CPU.Build.0 = Debug|Any CPU
		{FC05473D-97AE-4F14-83E1-04D12831E86F}.Debug|ARM.ActiveCfg = Debug|Any CPU
		{FC05473D-97AE-4F14-83E1-04D12831E86F}.Debug|ARM.Build.0 = Debug|Any CPU
		{FC05473D-97AE-4F14-83E1-04D12831E86F}.Debug|iPhone.ActiveCfg = Debug|Any CPU
		{FC05473D-97AE-4F14-83E1-04D12831E86F}.Debug|iPhone.Build.0 = Debug|Any CPU
		{FC05473D-97AE-4F14-83E1-04D12831E86F}.Debug|iPhoneSimulator.ActiveCfg = Debug|Any CPU
		{FC05473D-97AE-4F14-83E1-04D12831E86F}.Debug|iPhoneSimulator.Build.0 = Debug|Any CPU
		{FC05473D-97AE-4F14-83E1-04D12831E86F}.Debug|x64.ActiveCfg = Debug|Any CPU
		{FC05473D-97AE-4F14-83E1-04D12831E86F}.Debug|x64.Build.0 = Debug|Any CPU
		{FC05473D-97AE-4F14-83E1-04D12831E86F}.Debug|x86.ActiveCfg = Debug|Any CPU
		{FC05473D-97AE-4F14-83E1-04D12831E86F}.Debug|x86.Build.0 = Debug|Any CPU
		{FC05473D-97AE-4F14-83E1-04D12831E86F}.Release|Any CPU.ActiveCfg = Release|Any CPU
		{FC05473D-97AE-4F14-83E1-04D12831E86F}.Release|Any CPU.Build.0 = Release|Any CPU
		{FC05473D-97AE-4F14-83E1-04D12831E86F}.Release|ARM.ActiveCfg = Release|Any CPU
		{FC05473D-97AE-4F14-83E1-04D12831E86F}.Release|ARM.Build.0 = Release|Any CPU
		{FC05473D-97AE-4F14-83E1-04D12831E86F}.Release|iPhone.ActiveCfg = Release|Any CPU
		{FC05473D-97AE-4F14-83E1-04D12831E86F}.Release|iPhone.Build.0 = Release|Any CPU
		{FC05473D-97AE-4F14-83E1-04D12831E86F}.Release|iPhoneSimulator.ActiveCfg = Release|Any CPU
		{FC05473D-97AE-4F14-83E1-04D12831E86F}.Release|iPhoneSimulator.Build.0 = Release|Any CPU
		{FC05473D-97AE-4F14-83E1-04D12831E86F}.Release|x64.ActiveCfg = Release|Any CPU
		{FC05473D-97AE-4F14-83E1-04D12831E86F}.Release|x64.Build.0 = Release|Any CPU
		{FC05473D-97AE-4F14-83E1-04D12831E86F}.Release|x86.ActiveCfg = Release|Any CPU
		{FC05473D-97AE-4F14-83E1-04D12831E86F}.Release|x86.Build.0 = Release|Any CPU
		{1C31E59C-A379-49B0-8AB1-62B2FEFEE6D0}.Ad-Hoc|Any CPU.ActiveCfg = Release|Any CPU
		{1C31E59C-A379-49B0-8AB1-62B2FEFEE6D0}.Ad-Hoc|Any CPU.Build.0 = Release|Any CPU
		{1C31E59C-A379-49B0-8AB1-62B2FEFEE6D0}.Ad-Hoc|Any CPU.Deploy.0 = Release|Any CPU
		{1C31E59C-A379-49B0-8AB1-62B2FEFEE6D0}.Ad-Hoc|ARM.ActiveCfg = Release|Any CPU
		{1C31E59C-A379-49B0-8AB1-62B2FEFEE6D0}.Ad-Hoc|ARM.Build.0 = Release|Any CPU
		{1C31E59C-A379-49B0-8AB1-62B2FEFEE6D0}.Ad-Hoc|ARM.Deploy.0 = Release|Any CPU
		{1C31E59C-A379-49B0-8AB1-62B2FEFEE6D0}.Ad-Hoc|iPhone.ActiveCfg = Release|Any CPU
		{1C31E59C-A379-49B0-8AB1-62B2FEFEE6D0}.Ad-Hoc|iPhone.Build.0 = Release|Any CPU
		{1C31E59C-A379-49B0-8AB1-62B2FEFEE6D0}.Ad-Hoc|iPhone.Deploy.0 = Release|Any CPU
		{1C31E59C-A379-49B0-8AB1-62B2FEFEE6D0}.Ad-Hoc|iPhoneSimulator.ActiveCfg = Release|Any CPU
		{1C31E59C-A379-49B0-8AB1-62B2FEFEE6D0}.Ad-Hoc|iPhoneSimulator.Build.0 = Release|Any CPU
		{1C31E59C-A379-49B0-8AB1-62B2FEFEE6D0}.Ad-Hoc|iPhoneSimulator.Deploy.0 = Release|Any CPU
		{1C31E59C-A379-49B0-8AB1-62B2FEFEE6D0}.Ad-Hoc|x64.ActiveCfg = Release|Any CPU
		{1C31E59C-A379-49B0-8AB1-62B2FEFEE6D0}.Ad-Hoc|x64.Build.0 = Release|Any CPU
		{1C31E59C-A379-49B0-8AB1-62B2FEFEE6D0}.Ad-Hoc|x64.Deploy.0 = Release|Any CPU
		{1C31E59C-A379-49B0-8AB1-62B2FEFEE6D0}.Ad-Hoc|x86.ActiveCfg = Release|Any CPU
		{1C31E59C-A379-49B0-8AB1-62B2FEFEE6D0}.Ad-Hoc|x86.Build.0 = Release|Any CPU
		{1C31E59C-A379-49B0-8AB1-62B2FEFEE6D0}.Ad-Hoc|x86.Deploy.0 = Release|Any CPU
		{1C31E59C-A379-49B0-8AB1-62B2FEFEE6D0}.AppStore|Any CPU.ActiveCfg = Release|Any CPU
		{1C31E59C-A379-49B0-8AB1-62B2FEFEE6D0}.AppStore|Any CPU.Build.0 = Release|Any CPU
		{1C31E59C-A379-49B0-8AB1-62B2FEFEE6D0}.AppStore|Any CPU.Deploy.0 = Release|Any CPU
		{1C31E59C-A379-49B0-8AB1-62B2FEFEE6D0}.AppStore|ARM.ActiveCfg = Release|Any CPU
		{1C31E59C-A379-49B0-8AB1-62B2FEFEE6D0}.AppStore|ARM.Build.0 = Release|Any CPU
		{1C31E59C-A379-49B0-8AB1-62B2FEFEE6D0}.AppStore|ARM.Deploy.0 = Release|Any CPU
		{1C31E59C-A379-49B0-8AB1-62B2FEFEE6D0}.AppStore|iPhone.ActiveCfg = Release|Any CPU
		{1C31E59C-A379-49B0-8AB1-62B2FEFEE6D0}.AppStore|iPhone.Build.0 = Release|Any CPU
		{1C31E59C-A379-49B0-8AB1-62B2FEFEE6D0}.AppStore|iPhone.Deploy.0 = Release|Any CPU
		{1C31E59C-A379-49B0-8AB1-62B2FEFEE6D0}.AppStore|iPhoneSimulator.ActiveCfg = Release|Any CPU
		{1C31E59C-A379-49B0-8AB1-62B2FEFEE6D0}.AppStore|iPhoneSimulator.Build.0 = Release|Any CPU
		{1C31E59C-A379-49B0-8AB1-62B2FEFEE6D0}.AppStore|iPhoneSimulator.Deploy.0 = Release|Any CPU
		{1C31E59C-A379-49B0-8AB1-62B2FEFEE6D0}.AppStore|x64.ActiveCfg = Release|Any CPU
		{1C31E59C-A379-49B0-8AB1-62B2FEFEE6D0}.AppStore|x64.Build.0 = Release|Any CPU
		{1C31E59C-A379-49B0-8AB1-62B2FEFEE6D0}.AppStore|x64.Deploy.0 = Release|Any CPU
		{1C31E59C-A379-49B0-8AB1-62B2FEFEE6D0}.AppStore|x86.ActiveCfg = Release|Any CPU
		{1C31E59C-A379-49B0-8AB1-62B2FEFEE6D0}.AppStore|x86.Build.0 = Release|Any CPU
		{1C31E59C-A379-49B0-8AB1-62B2FEFEE6D0}.AppStore|x86.Deploy.0 = Release|Any CPU
		{1C31E59C-A379-49B0-8AB1-62B2FEFEE6D0}.Debug|Any CPU.ActiveCfg = Debug|Any CPU
		{1C31E59C-A379-49B0-8AB1-62B2FEFEE6D0}.Debug|Any CPU.Build.0 = Debug|Any CPU
		{1C31E59C-A379-49B0-8AB1-62B2FEFEE6D0}.Debug|Any CPU.Deploy.0 = Debug|Any CPU
		{1C31E59C-A379-49B0-8AB1-62B2FEFEE6D0}.Debug|ARM.ActiveCfg = Debug|Any CPU
		{1C31E59C-A379-49B0-8AB1-62B2FEFEE6D0}.Debug|ARM.Build.0 = Debug|Any CPU
		{1C31E59C-A379-49B0-8AB1-62B2FEFEE6D0}.Debug|ARM.Deploy.0 = Debug|Any CPU
		{1C31E59C-A379-49B0-8AB1-62B2FEFEE6D0}.Debug|iPhone.ActiveCfg = Debug|Any CPU
		{1C31E59C-A379-49B0-8AB1-62B2FEFEE6D0}.Debug|iPhone.Build.0 = Debug|Any CPU
		{1C31E59C-A379-49B0-8AB1-62B2FEFEE6D0}.Debug|iPhone.Deploy.0 = Debug|Any CPU
		{1C31E59C-A379-49B0-8AB1-62B2FEFEE6D0}.Debug|iPhoneSimulator.ActiveCfg = Debug|Any CPU
		{1C31E59C-A379-49B0-8AB1-62B2FEFEE6D0}.Debug|iPhoneSimulator.Build.0 = Debug|Any CPU
		{1C31E59C-A379-49B0-8AB1-62B2FEFEE6D0}.Debug|iPhoneSimulator.Deploy.0 = Debug|Any CPU
		{1C31E59C-A379-49B0-8AB1-62B2FEFEE6D0}.Debug|x64.ActiveCfg = Debug|Any CPU
		{1C31E59C-A379-49B0-8AB1-62B2FEFEE6D0}.Debug|x64.Build.0 = Debug|Any CPU
		{1C31E59C-A379-49B0-8AB1-62B2FEFEE6D0}.Debug|x64.Deploy.0 = Debug|Any CPU
		{1C31E59C-A379-49B0-8AB1-62B2FEFEE6D0}.Debug|x86.ActiveCfg = Debug|Any CPU
		{1C31E59C-A379-49B0-8AB1-62B2FEFEE6D0}.Debug|x86.Build.0 = Debug|Any CPU
		{1C31E59C-A379-49B0-8AB1-62B2FEFEE6D0}.Debug|x86.Deploy.0 = Debug|Any CPU
		{1C31E59C-A379-49B0-8AB1-62B2FEFEE6D0}.Release|Any CPU.ActiveCfg = Release|Any CPU
		{1C31E59C-A379-49B0-8AB1-62B2FEFEE6D0}.Release|Any CPU.Build.0 = Release|Any CPU
		{1C31E59C-A379-49B0-8AB1-62B2FEFEE6D0}.Release|Any CPU.Deploy.0 = Release|Any CPU
		{1C31E59C-A379-49B0-8AB1-62B2FEFEE6D0}.Release|ARM.ActiveCfg = Release|Any CPU
		{1C31E59C-A379-49B0-8AB1-62B2FEFEE6D0}.Release|ARM.Build.0 = Release|Any CPU
		{1C31E59C-A379-49B0-8AB1-62B2FEFEE6D0}.Release|ARM.Deploy.0 = Release|Any CPU
		{1C31E59C-A379-49B0-8AB1-62B2FEFEE6D0}.Release|iPhone.ActiveCfg = Release|Any CPU
		{1C31E59C-A379-49B0-8AB1-62B2FEFEE6D0}.Release|iPhone.Build.0 = Release|Any CPU
		{1C31E59C-A379-49B0-8AB1-62B2FEFEE6D0}.Release|iPhone.Deploy.0 = Release|Any CPU
		{1C31E59C-A379-49B0-8AB1-62B2FEFEE6D0}.Release|iPhoneSimulator.ActiveCfg = Release|Any CPU
		{1C31E59C-A379-49B0-8AB1-62B2FEFEE6D0}.Release|iPhoneSimulator.Build.0 = Release|Any CPU
		{1C31E59C-A379-49B0-8AB1-62B2FEFEE6D0}.Release|iPhoneSimulator.Deploy.0 = Release|Any CPU
		{1C31E59C-A379-49B0-8AB1-62B2FEFEE6D0}.Release|x64.ActiveCfg = Release|Any CPU
		{1C31E59C-A379-49B0-8AB1-62B2FEFEE6D0}.Release|x64.Build.0 = Release|Any CPU
		{1C31E59C-A379-49B0-8AB1-62B2FEFEE6D0}.Release|x64.Deploy.0 = Release|Any CPU
		{1C31E59C-A379-49B0-8AB1-62B2FEFEE6D0}.Release|x86.ActiveCfg = Release|Any CPU
		{1C31E59C-A379-49B0-8AB1-62B2FEFEE6D0}.Release|x86.Build.0 = Release|Any CPU
		{1C31E59C-A379-49B0-8AB1-62B2FEFEE6D0}.Release|x86.Deploy.0 = Release|Any CPU
		{7D48C6B3-67C1-4372-933A-C92F08B38A07}.Ad-Hoc|Any CPU.ActiveCfg = Ad-Hoc|iPhone
		{7D48C6B3-67C1-4372-933A-C92F08B38A07}.Ad-Hoc|ARM.ActiveCfg = Ad-Hoc|iPhone
		{7D48C6B3-67C1-4372-933A-C92F08B38A07}.Ad-Hoc|iPhone.ActiveCfg = Ad-Hoc|iPhone
		{7D48C6B3-67C1-4372-933A-C92F08B38A07}.Ad-Hoc|iPhone.Build.0 = Ad-Hoc|iPhone
		{7D48C6B3-67C1-4372-933A-C92F08B38A07}.Ad-Hoc|iPhoneSimulator.ActiveCfg = Ad-Hoc|iPhoneSimulator
		{7D48C6B3-67C1-4372-933A-C92F08B38A07}.Ad-Hoc|iPhoneSimulator.Build.0 = Ad-Hoc|iPhoneSimulator
		{7D48C6B3-67C1-4372-933A-C92F08B38A07}.Ad-Hoc|x64.ActiveCfg = Ad-Hoc|iPhone
		{7D48C6B3-67C1-4372-933A-C92F08B38A07}.Ad-Hoc|x86.ActiveCfg = Ad-Hoc|iPhone
		{7D48C6B3-67C1-4372-933A-C92F08B38A07}.AppStore|Any CPU.ActiveCfg = AppStore|iPhone
		{7D48C6B3-67C1-4372-933A-C92F08B38A07}.AppStore|ARM.ActiveCfg = AppStore|iPhone
		{7D48C6B3-67C1-4372-933A-C92F08B38A07}.AppStore|iPhone.ActiveCfg = AppStore|iPhone
		{7D48C6B3-67C1-4372-933A-C92F08B38A07}.AppStore|iPhone.Build.0 = AppStore|iPhone
		{7D48C6B3-67C1-4372-933A-C92F08B38A07}.AppStore|iPhoneSimulator.ActiveCfg = AppStore|iPhoneSimulator
		{7D48C6B3-67C1-4372-933A-C92F08B38A07}.AppStore|iPhoneSimulator.Build.0 = AppStore|iPhoneSimulator
		{7D48C6B3-67C1-4372-933A-C92F08B38A07}.AppStore|x64.ActiveCfg = AppStore|iPhone
		{7D48C6B3-67C1-4372-933A-C92F08B38A07}.AppStore|x86.ActiveCfg = AppStore|iPhone
		{7D48C6B3-67C1-4372-933A-C92F08B38A07}.Debug|Any CPU.ActiveCfg = Debug|iPhone
		{7D48C6B3-67C1-4372-933A-C92F08B38A07}.Debug|ARM.ActiveCfg = Debug|iPhone
		{7D48C6B3-67C1-4372-933A-C92F08B38A07}.Debug|iPhone.ActiveCfg = Debug|iPhone
		{7D48C6B3-67C1-4372-933A-C92F08B38A07}.Debug|iPhone.Build.0 = Debug|iPhone
		{7D48C6B3-67C1-4372-933A-C92F08B38A07}.Debug|iPhoneSimulator.ActiveCfg = Debug|iPhoneSimulator
		{7D48C6B3-67C1-4372-933A-C92F08B38A07}.Debug|iPhoneSimulator.Build.0 = Debug|iPhoneSimulator
		{7D48C6B3-67C1-4372-933A-C92F08B38A07}.Debug|x64.ActiveCfg = Debug|iPhone
		{7D48C6B3-67C1-4372-933A-C92F08B38A07}.Debug|x86.ActiveCfg = Debug|iPhone
		{7D48C6B3-67C1-4372-933A-C92F08B38A07}.Release|Any CPU.ActiveCfg = Release|iPhone
		{7D48C6B3-67C1-4372-933A-C92F08B38A07}.Release|ARM.ActiveCfg = Release|iPhone
		{7D48C6B3-67C1-4372-933A-C92F08B38A07}.Release|iPhone.ActiveCfg = Release|iPhone
		{7D48C6B3-67C1-4372-933A-C92F08B38A07}.Release|iPhone.Build.0 = Release|iPhone
		{7D48C6B3-67C1-4372-933A-C92F08B38A07}.Release|iPhoneSimulator.ActiveCfg = Release|iPhoneSimulator
		{7D48C6B3-67C1-4372-933A-C92F08B38A07}.Release|iPhoneSimulator.Build.0 = Release|iPhoneSimulator
		{7D48C6B3-67C1-4372-933A-C92F08B38A07}.Release|x64.ActiveCfg = Release|iPhone
		{7D48C6B3-67C1-4372-933A-C92F08B38A07}.Release|x86.ActiveCfg = Release|iPhone
		{C9ADBFFC-94B1-4CAE-B555-5FB71CE87BAF}.Ad-Hoc|Any CPU.ActiveCfg = Release|Any CPU
		{C9ADBFFC-94B1-4CAE-B555-5FB71CE87BAF}.Ad-Hoc|Any CPU.Build.0 = Release|Any CPU
		{C9ADBFFC-94B1-4CAE-B555-5FB71CE87BAF}.Ad-Hoc|Any CPU.Deploy.0 = Release|Any CPU
		{C9ADBFFC-94B1-4CAE-B555-5FB71CE87BAF}.Ad-Hoc|ARM.ActiveCfg = Release|ARM
		{C9ADBFFC-94B1-4CAE-B555-5FB71CE87BAF}.Ad-Hoc|ARM.Build.0 = Release|ARM
		{C9ADBFFC-94B1-4CAE-B555-5FB71CE87BAF}.Ad-Hoc|ARM.Deploy.0 = Release|ARM
		{C9ADBFFC-94B1-4CAE-B555-5FB71CE87BAF}.Ad-Hoc|iPhone.ActiveCfg = Release|Any CPU
		{C9ADBFFC-94B1-4CAE-B555-5FB71CE87BAF}.Ad-Hoc|iPhone.Build.0 = Release|Any CPU
		{C9ADBFFC-94B1-4CAE-B555-5FB71CE87BAF}.Ad-Hoc|iPhone.Deploy.0 = Release|Any CPU
		{C9ADBFFC-94B1-4CAE-B555-5FB71CE87BAF}.Ad-Hoc|iPhoneSimulator.ActiveCfg = Release|Any CPU
		{C9ADBFFC-94B1-4CAE-B555-5FB71CE87BAF}.Ad-Hoc|iPhoneSimulator.Build.0 = Release|Any CPU
		{C9ADBFFC-94B1-4CAE-B555-5FB71CE87BAF}.Ad-Hoc|iPhoneSimulator.Deploy.0 = Release|Any CPU
		{C9ADBFFC-94B1-4CAE-B555-5FB71CE87BAF}.Ad-Hoc|x64.ActiveCfg = Release|Any CPU
		{C9ADBFFC-94B1-4CAE-B555-5FB71CE87BAF}.Ad-Hoc|x64.Build.0 = Release|Any CPU
		{C9ADBFFC-94B1-4CAE-B555-5FB71CE87BAF}.Ad-Hoc|x64.Deploy.0 = Release|Any CPU
		{C9ADBFFC-94B1-4CAE-B555-5FB71CE87BAF}.Ad-Hoc|x86.ActiveCfg = Release|x86
		{C9ADBFFC-94B1-4CAE-B555-5FB71CE87BAF}.Ad-Hoc|x86.Build.0 = Release|x86
		{C9ADBFFC-94B1-4CAE-B555-5FB71CE87BAF}.Ad-Hoc|x86.Deploy.0 = Release|x86
		{C9ADBFFC-94B1-4CAE-B555-5FB71CE87BAF}.AppStore|Any CPU.ActiveCfg = Release|Any CPU
		{C9ADBFFC-94B1-4CAE-B555-5FB71CE87BAF}.AppStore|Any CPU.Build.0 = Release|Any CPU
		{C9ADBFFC-94B1-4CAE-B555-5FB71CE87BAF}.AppStore|Any CPU.Deploy.0 = Release|Any CPU
		{C9ADBFFC-94B1-4CAE-B555-5FB71CE87BAF}.AppStore|ARM.ActiveCfg = Release|ARM
		{C9ADBFFC-94B1-4CAE-B555-5FB71CE87BAF}.AppStore|ARM.Build.0 = Release|ARM
		{C9ADBFFC-94B1-4CAE-B555-5FB71CE87BAF}.AppStore|ARM.Deploy.0 = Release|ARM
		{C9ADBFFC-94B1-4CAE-B555-5FB71CE87BAF}.AppStore|iPhone.ActiveCfg = Release|Any CPU
		{C9ADBFFC-94B1-4CAE-B555-5FB71CE87BAF}.AppStore|iPhone.Build.0 = Release|Any CPU
		{C9ADBFFC-94B1-4CAE-B555-5FB71CE87BAF}.AppStore|iPhone.Deploy.0 = Release|Any CPU
		{C9ADBFFC-94B1-4CAE-B555-5FB71CE87BAF}.AppStore|iPhoneSimulator.ActiveCfg = Release|Any CPU
		{C9ADBFFC-94B1-4CAE-B555-5FB71CE87BAF}.AppStore|iPhoneSimulator.Build.0 = Release|Any CPU
		{C9ADBFFC-94B1-4CAE-B555-5FB71CE87BAF}.AppStore|iPhoneSimulator.Deploy.0 = Release|Any CPU
		{C9ADBFFC-94B1-4CAE-B555-5FB71CE87BAF}.AppStore|x64.ActiveCfg = Release|Any CPU
		{C9ADBFFC-94B1-4CAE-B555-5FB71CE87BAF}.AppStore|x64.Build.0 = Release|Any CPU
		{C9ADBFFC-94B1-4CAE-B555-5FB71CE87BAF}.AppStore|x64.Deploy.0 = Release|Any CPU
		{C9ADBFFC-94B1-4CAE-B555-5FB71CE87BAF}.AppStore|x86.ActiveCfg = Release|x86
		{C9ADBFFC-94B1-4CAE-B555-5FB71CE87BAF}.AppStore|x86.Build.0 = Release|x86
		{C9ADBFFC-94B1-4CAE-B555-5FB71CE87BAF}.AppStore|x86.Deploy.0 = Release|x86
		{C9ADBFFC-94B1-4CAE-B555-5FB71CE87BAF}.Debug|Any CPU.ActiveCfg = Debug|Any CPU
		{C9ADBFFC-94B1-4CAE-B555-5FB71CE87BAF}.Debug|Any CPU.Build.0 = Debug|Any CPU
		{C9ADBFFC-94B1-4CAE-B555-5FB71CE87BAF}.Debug|Any CPU.Deploy.0 = Debug|Any CPU
		{C9ADBFFC-94B1-4CAE-B555-5FB71CE87BAF}.Debug|ARM.ActiveCfg = Debug|ARM
		{C9ADBFFC-94B1-4CAE-B555-5FB71CE87BAF}.Debug|ARM.Build.0 = Debug|ARM
		{C9ADBFFC-94B1-4CAE-B555-5FB71CE87BAF}.Debug|ARM.Deploy.0 = Debug|ARM
		{C9ADBFFC-94B1-4CAE-B555-5FB71CE87BAF}.Debug|iPhone.ActiveCfg = Debug|Any CPU
		{C9ADBFFC-94B1-4CAE-B555-5FB71CE87BAF}.Debug|iPhone.Build.0 = Debug|Any CPU
		{C9ADBFFC-94B1-4CAE-B555-5FB71CE87BAF}.Debug|iPhone.Deploy.0 = Debug|Any CPU
		{C9ADBFFC-94B1-4CAE-B555-5FB71CE87BAF}.Debug|iPhoneSimulator.ActiveCfg = Debug|Any CPU
		{C9ADBFFC-94B1-4CAE-B555-5FB71CE87BAF}.Debug|iPhoneSimulator.Build.0 = Debug|Any CPU
		{C9ADBFFC-94B1-4CAE-B555-5FB71CE87BAF}.Debug|iPhoneSimulator.Deploy.0 = Debug|Any CPU
		{C9ADBFFC-94B1-4CAE-B555-5FB71CE87BAF}.Debug|x64.ActiveCfg = Debug|Any CPU
		{C9ADBFFC-94B1-4CAE-B555-5FB71CE87BAF}.Debug|x64.Build.0 = Debug|Any CPU
		{C9ADBFFC-94B1-4CAE-B555-5FB71CE87BAF}.Debug|x64.Deploy.0 = Debug|Any CPU
		{C9ADBFFC-94B1-4CAE-B555-5FB71CE87BAF}.Debug|x86.ActiveCfg = Debug|x86
		{C9ADBFFC-94B1-4CAE-B555-5FB71CE87BAF}.Debug|x86.Build.0 = Debug|x86
		{C9ADBFFC-94B1-4CAE-B555-5FB71CE87BAF}.Debug|x86.Deploy.0 = Debug|x86
		{C9ADBFFC-94B1-4CAE-B555-5FB71CE87BAF}.Release|Any CPU.ActiveCfg = Release|Any CPU
		{C9ADBFFC-94B1-4CAE-B555-5FB71CE87BAF}.Release|Any CPU.Build.0 = Release|Any CPU
		{C9ADBFFC-94B1-4CAE-B555-5FB71CE87BAF}.Release|Any CPU.Deploy.0 = Release|Any CPU
		{C9ADBFFC-94B1-4CAE-B555-5FB71CE87BAF}.Release|ARM.ActiveCfg = Release|ARM
		{C9ADBFFC-94B1-4CAE-B555-5FB71CE87BAF}.Release|ARM.Build.0 = Release|ARM
		{C9ADBFFC-94B1-4CAE-B555-5FB71CE87BAF}.Release|ARM.Deploy.0 = Release|ARM
		{C9ADBFFC-94B1-4CAE-B555-5FB71CE87BAF}.Release|iPhone.ActiveCfg = Release|Any CPU
		{C9ADBFFC-94B1-4CAE-B555-5FB71CE87BAF}.Release|iPhone.Build.0 = Release|Any CPU
		{C9ADBFFC-94B1-4CAE-B555-5FB71CE87BAF}.Release|iPhone.Deploy.0 = Release|Any CPU
		{C9ADBFFC-94B1-4CAE-B555-5FB71CE87BAF}.Release|iPhoneSimulator.ActiveCfg = Release|Any CPU
		{C9ADBFFC-94B1-4CAE-B555-5FB71CE87BAF}.Release|iPhoneSimulator.Build.0 = Release|Any CPU
		{C9ADBFFC-94B1-4CAE-B555-5FB71CE87BAF}.Release|iPhoneSimulator.Deploy.0 = Release|Any CPU
		{C9ADBFFC-94B1-4CAE-B555-5FB71CE87BAF}.Release|x64.ActiveCfg = Release|Any CPU
		{C9ADBFFC-94B1-4CAE-B555-5FB71CE87BAF}.Release|x64.Build.0 = Release|Any CPU
		{C9ADBFFC-94B1-4CAE-B555-5FB71CE87BAF}.Release|x64.Deploy.0 = Release|Any CPU
		{C9ADBFFC-94B1-4CAE-B555-5FB71CE87BAF}.Release|x86.ActiveCfg = Release|x86
		{C9ADBFFC-94B1-4CAE-B555-5FB71CE87BAF}.Release|x86.Build.0 = Release|x86
		{C9ADBFFC-94B1-4CAE-B555-5FB71CE87BAF}.Release|x86.Deploy.0 = Release|x86
		{8521E342-28E1-457A-BB25-4B949C990757}.Ad-Hoc|Any CPU.ActiveCfg = Release|x86
		{8521E342-28E1-457A-BB25-4B949C990757}.Ad-Hoc|Any CPU.Build.0 = Release|x86
		{8521E342-28E1-457A-BB25-4B949C990757}.Ad-Hoc|Any CPU.Deploy.0 = Release|x86
		{8521E342-28E1-457A-BB25-4B949C990757}.Ad-Hoc|ARM.ActiveCfg = Release|ARM
		{8521E342-28E1-457A-BB25-4B949C990757}.Ad-Hoc|ARM.Build.0 = Release|ARM
		{8521E342-28E1-457A-BB25-4B949C990757}.Ad-Hoc|ARM.Deploy.0 = Release|ARM
		{8521E342-28E1-457A-BB25-4B949C990757}.Ad-Hoc|iPhone.ActiveCfg = Release|x86
		{8521E342-28E1-457A-BB25-4B949C990757}.Ad-Hoc|iPhone.Build.0 = Release|x86
		{8521E342-28E1-457A-BB25-4B949C990757}.Ad-Hoc|iPhone.Deploy.0 = Release|x86
		{8521E342-28E1-457A-BB25-4B949C990757}.Ad-Hoc|iPhoneSimulator.ActiveCfg = Release|x86
		{8521E342-28E1-457A-BB25-4B949C990757}.Ad-Hoc|iPhoneSimulator.Build.0 = Release|x86
		{8521E342-28E1-457A-BB25-4B949C990757}.Ad-Hoc|iPhoneSimulator.Deploy.0 = Release|x86
		{8521E342-28E1-457A-BB25-4B949C990757}.Ad-Hoc|x64.ActiveCfg = Release|x64
		{8521E342-28E1-457A-BB25-4B949C990757}.Ad-Hoc|x64.Build.0 = Release|x64
		{8521E342-28E1-457A-BB25-4B949C990757}.Ad-Hoc|x64.Deploy.0 = Release|x64
		{8521E342-28E1-457A-BB25-4B949C990757}.Ad-Hoc|x86.ActiveCfg = Release|x86
		{8521E342-28E1-457A-BB25-4B949C990757}.Ad-Hoc|x86.Build.0 = Release|x86
		{8521E342-28E1-457A-BB25-4B949C990757}.Ad-Hoc|x86.Deploy.0 = Release|x86
		{8521E342-28E1-457A-BB25-4B949C990757}.AppStore|Any CPU.ActiveCfg = Release|x86
		{8521E342-28E1-457A-BB25-4B949C990757}.AppStore|Any CPU.Build.0 = Release|x86
		{8521E342-28E1-457A-BB25-4B949C990757}.AppStore|Any CPU.Deploy.0 = Release|x86
		{8521E342-28E1-457A-BB25-4B949C990757}.AppStore|ARM.ActiveCfg = Release|ARM
		{8521E342-28E1-457A-BB25-4B949C990757}.AppStore|ARM.Build.0 = Release|ARM
		{8521E342-28E1-457A-BB25-4B949C990757}.AppStore|ARM.Deploy.0 = Release|ARM
		{8521E342-28E1-457A-BB25-4B949C990757}.AppStore|iPhone.ActiveCfg = Release|x86
		{8521E342-28E1-457A-BB25-4B949C990757}.AppStore|iPhone.Build.0 = Release|x86
		{8521E342-28E1-457A-BB25-4B949C990757}.AppStore|iPhone.Deploy.0 = Release|x86
		{8521E342-28E1-457A-BB25-4B949C990757}.AppStore|iPhoneSimulator.ActiveCfg = Release|x86
		{8521E342-28E1-457A-BB25-4B949C990757}.AppStore|iPhoneSimulator.Build.0 = Release|x86
		{8521E342-28E1-457A-BB25-4B949C990757}.AppStore|iPhoneSimulator.Deploy.0 = Release|x86
		{8521E342-28E1-457A-BB25-4B949C990757}.AppStore|x64.ActiveCfg = Release|x64
		{8521E342-28E1-457A-BB25-4B949C990757}.AppStore|x64.Build.0 = Release|x64
		{8521E342-28E1-457A-BB25-4B949C990757}.AppStore|x64.Deploy.0 = Release|x64
		{8521E342-28E1-457A-BB25-4B949C990757}.AppStore|x86.ActiveCfg = Release|x86
		{8521E342-28E1-457A-BB25-4B949C990757}.AppStore|x86.Build.0 = Release|x86
		{8521E342-28E1-457A-BB25-4B949C990757}.AppStore|x86.Deploy.0 = Release|x86
		{8521E342-28E1-457A-BB25-4B949C990757}.Debug|Any CPU.ActiveCfg = Debug|x86
		{8521E342-28E1-457A-BB25-4B949C990757}.Debug|ARM.ActiveCfg = Debug|ARM
		{8521E342-28E1-457A-BB25-4B949C990757}.Debug|ARM.Build.0 = Debug|ARM
		{8521E342-28E1-457A-BB25-4B949C990757}.Debug|ARM.Deploy.0 = Debug|ARM
		{8521E342-28E1-457A-BB25-4B949C990757}.Debug|iPhone.ActiveCfg = Debug|x86
		{8521E342-28E1-457A-BB25-4B949C990757}.Debug|iPhoneSimulator.ActiveCfg = Debug|x86
		{8521E342-28E1-457A-BB25-4B949C990757}.Debug|x64.ActiveCfg = Debug|x64
		{8521E342-28E1-457A-BB25-4B949C990757}.Debug|x64.Build.0 = Debug|x64
		{8521E342-28E1-457A-BB25-4B949C990757}.Debug|x64.Deploy.0 = Debug|x64
		{8521E342-28E1-457A-BB25-4B949C990757}.Debug|x86.ActiveCfg = Debug|x86
		{8521E342-28E1-457A-BB25-4B949C990757}.Debug|x86.Build.0 = Debug|x86
		{8521E342-28E1-457A-BB25-4B949C990757}.Debug|x86.Deploy.0 = Debug|x86
		{8521E342-28E1-457A-BB25-4B949C990757}.Release|Any CPU.ActiveCfg = Release|x86
		{8521E342-28E1-457A-BB25-4B949C990757}.Release|ARM.ActiveCfg = Release|ARM
		{8521E342-28E1-457A-BB25-4B949C990757}.Release|ARM.Build.0 = Release|ARM
		{8521E342-28E1-457A-BB25-4B949C990757}.Release|ARM.Deploy.0 = Release|ARM
		{8521E342-28E1-457A-BB25-4B949C990757}.Release|iPhone.ActiveCfg = Release|x86
		{8521E342-28E1-457A-BB25-4B949C990757}.Release|iPhoneSimulator.ActiveCfg = Release|x86
		{8521E342-28E1-457A-BB25-4B949C990757}.Release|x64.ActiveCfg = Release|x64
		{8521E342-28E1-457A-BB25-4B949C990757}.Release|x64.Build.0 = Release|x64
		{8521E342-28E1-457A-BB25-4B949C990757}.Release|x64.Deploy.0 = Release|x64
		{8521E342-28E1-457A-BB25-4B949C990757}.Release|x86.ActiveCfg = Release|x86
		{8521E342-28E1-457A-BB25-4B949C990757}.Release|x86.Build.0 = Release|x86
		{8521E342-28E1-457A-BB25-4B949C990757}.Release|x86.Deploy.0 = Release|x86
		{58A601E1-DB50-46AB-8AA2-69D732249AD9}.Ad-Hoc|Any CPU.ActiveCfg = Release|Any CPU
		{58A601E1-DB50-46AB-8AA2-69D732249AD9}.Ad-Hoc|Any CPU.Build.0 = Release|Any CPU
		{58A601E1-DB50-46AB-8AA2-69D732249AD9}.Ad-Hoc|Any CPU.Deploy.0 = Release|Any CPU
		{58A601E1-DB50-46AB-8AA2-69D732249AD9}.Ad-Hoc|ARM.ActiveCfg = Release|ARM
		{58A601E1-DB50-46AB-8AA2-69D732249AD9}.Ad-Hoc|ARM.Build.0 = Release|ARM
		{58A601E1-DB50-46AB-8AA2-69D732249AD9}.Ad-Hoc|ARM.Deploy.0 = Release|ARM
		{58A601E1-DB50-46AB-8AA2-69D732249AD9}.Ad-Hoc|iPhone.ActiveCfg = Release|Any CPU
		{58A601E1-DB50-46AB-8AA2-69D732249AD9}.Ad-Hoc|iPhone.Build.0 = Release|Any CPU
		{58A601E1-DB50-46AB-8AA2-69D732249AD9}.Ad-Hoc|iPhone.Deploy.0 = Release|Any CPU
		{58A601E1-DB50-46AB-8AA2-69D732249AD9}.Ad-Hoc|iPhoneSimulator.ActiveCfg = Release|Any CPU
		{58A601E1-DB50-46AB-8AA2-69D732249AD9}.Ad-Hoc|iPhoneSimulator.Build.0 = Release|Any CPU
		{58A601E1-DB50-46AB-8AA2-69D732249AD9}.Ad-Hoc|iPhoneSimulator.Deploy.0 = Release|Any CPU
		{58A601E1-DB50-46AB-8AA2-69D732249AD9}.Ad-Hoc|x64.ActiveCfg = Release|x64
		{58A601E1-DB50-46AB-8AA2-69D732249AD9}.Ad-Hoc|x64.Build.0 = Release|x64
		{58A601E1-DB50-46AB-8AA2-69D732249AD9}.Ad-Hoc|x64.Deploy.0 = Release|x64
		{58A601E1-DB50-46AB-8AA2-69D732249AD9}.Ad-Hoc|x86.ActiveCfg = Release|x86
		{58A601E1-DB50-46AB-8AA2-69D732249AD9}.Ad-Hoc|x86.Build.0 = Release|x86
		{58A601E1-DB50-46AB-8AA2-69D732249AD9}.Ad-Hoc|x86.Deploy.0 = Release|x86
		{58A601E1-DB50-46AB-8AA2-69D732249AD9}.AppStore|Any CPU.ActiveCfg = Release|Any CPU
		{58A601E1-DB50-46AB-8AA2-69D732249AD9}.AppStore|Any CPU.Build.0 = Release|Any CPU
		{58A601E1-DB50-46AB-8AA2-69D732249AD9}.AppStore|Any CPU.Deploy.0 = Release|Any CPU
		{58A601E1-DB50-46AB-8AA2-69D732249AD9}.AppStore|ARM.ActiveCfg = Release|ARM
		{58A601E1-DB50-46AB-8AA2-69D732249AD9}.AppStore|ARM.Build.0 = Release|ARM
		{58A601E1-DB50-46AB-8AA2-69D732249AD9}.AppStore|ARM.Deploy.0 = Release|ARM
		{58A601E1-DB50-46AB-8AA2-69D732249AD9}.AppStore|iPhone.ActiveCfg = Release|Any CPU
		{58A601E1-DB50-46AB-8AA2-69D732249AD9}.AppStore|iPhone.Build.0 = Release|Any CPU
		{58A601E1-DB50-46AB-8AA2-69D732249AD9}.AppStore|iPhone.Deploy.0 = Release|Any CPU
		{58A601E1-DB50-46AB-8AA2-69D732249AD9}.AppStore|iPhoneSimulator.ActiveCfg = Release|Any CPU
		{58A601E1-DB50-46AB-8AA2-69D732249AD9}.AppStore|iPhoneSimulator.Build.0 = Release|Any CPU
		{58A601E1-DB50-46AB-8AA2-69D732249AD9}.AppStore|iPhoneSimulator.Deploy.0 = Release|Any CPU
		{58A601E1-DB50-46AB-8AA2-69D732249AD9}.AppStore|x64.ActiveCfg = Release|x64
		{58A601E1-DB50-46AB-8AA2-69D732249AD9}.AppStore|x64.Build.0 = Release|x64
		{58A601E1-DB50-46AB-8AA2-69D732249AD9}.AppStore|x64.Deploy.0 = Release|x64
		{58A601E1-DB50-46AB-8AA2-69D732249AD9}.AppStore|x86.ActiveCfg = Release|x86
		{58A601E1-DB50-46AB-8AA2-69D732249AD9}.AppStore|x86.Build.0 = Release|x86
		{58A601E1-DB50-46AB-8AA2-69D732249AD9}.AppStore|x86.Deploy.0 = Release|x86
		{58A601E1-DB50-46AB-8AA2-69D732249AD9}.Debug|Any CPU.ActiveCfg = Debug|Any CPU
		{58A601E1-DB50-46AB-8AA2-69D732249AD9}.Debug|Any CPU.Build.0 = Debug|Any CPU
		{58A601E1-DB50-46AB-8AA2-69D732249AD9}.Debug|Any CPU.Deploy.0 = Debug|Any CPU
		{58A601E1-DB50-46AB-8AA2-69D732249AD9}.Debug|ARM.ActiveCfg = Debug|ARM
		{58A601E1-DB50-46AB-8AA2-69D732249AD9}.Debug|ARM.Build.0 = Debug|ARM
		{58A601E1-DB50-46AB-8AA2-69D732249AD9}.Debug|ARM.Deploy.0 = Debug|ARM
		{58A601E1-DB50-46AB-8AA2-69D732249AD9}.Debug|iPhone.ActiveCfg = Debug|Any CPU
		{58A601E1-DB50-46AB-8AA2-69D732249AD9}.Debug|iPhone.Build.0 = Debug|Any CPU
		{58A601E1-DB50-46AB-8AA2-69D732249AD9}.Debug|iPhone.Deploy.0 = Debug|Any CPU
		{58A601E1-DB50-46AB-8AA2-69D732249AD9}.Debug|iPhoneSimulator.ActiveCfg = Debug|Any CPU
		{58A601E1-DB50-46AB-8AA2-69D732249AD9}.Debug|iPhoneSimulator.Build.0 = Debug|Any CPU
		{58A601E1-DB50-46AB-8AA2-69D732249AD9}.Debug|iPhoneSimulator.Deploy.0 = Debug|Any CPU
		{58A601E1-DB50-46AB-8AA2-69D732249AD9}.Debug|x64.ActiveCfg = Debug|x64
		{58A601E1-DB50-46AB-8AA2-69D732249AD9}.Debug|x64.Build.0 = Debug|x64
		{58A601E1-DB50-46AB-8AA2-69D732249AD9}.Debug|x64.Deploy.0 = Debug|x64
		{58A601E1-DB50-46AB-8AA2-69D732249AD9}.Debug|x86.ActiveCfg = Debug|x86
		{58A601E1-DB50-46AB-8AA2-69D732249AD9}.Debug|x86.Build.0 = Debug|x86
		{58A601E1-DB50-46AB-8AA2-69D732249AD9}.Debug|x86.Deploy.0 = Debug|x86
		{58A601E1-DB50-46AB-8AA2-69D732249AD9}.Release|Any CPU.ActiveCfg = Release|Any CPU
		{58A601E1-DB50-46AB-8AA2-69D732249AD9}.Release|Any CPU.Build.0 = Release|Any CPU
		{58A601E1-DB50-46AB-8AA2-69D732249AD9}.Release|Any CPU.Deploy.0 = Release|Any CPU
		{58A601E1-DB50-46AB-8AA2-69D732249AD9}.Release|ARM.ActiveCfg = Release|ARM
		{58A601E1-DB50-46AB-8AA2-69D732249AD9}.Release|ARM.Build.0 = Release|ARM
		{58A601E1-DB50-46AB-8AA2-69D732249AD9}.Release|ARM.Deploy.0 = Release|ARM
		{58A601E1-DB50-46AB-8AA2-69D732249AD9}.Release|iPhone.ActiveCfg = Release|Any CPU
		{58A601E1-DB50-46AB-8AA2-69D732249AD9}.Release|iPhone.Build.0 = Release|Any CPU
		{58A601E1-DB50-46AB-8AA2-69D732249AD9}.Release|iPhone.Deploy.0 = Release|Any CPU
		{58A601E1-DB50-46AB-8AA2-69D732249AD9}.Release|iPhoneSimulator.ActiveCfg = Release|Any CPU
		{58A601E1-DB50-46AB-8AA2-69D732249AD9}.Release|iPhoneSimulator.Build.0 = Release|Any CPU
		{58A601E1-DB50-46AB-8AA2-69D732249AD9}.Release|iPhoneSimulator.Deploy.0 = Release|Any CPU
		{58A601E1-DB50-46AB-8AA2-69D732249AD9}.Release|x64.ActiveCfg = Release|x64
		{58A601E1-DB50-46AB-8AA2-69D732249AD9}.Release|x64.Build.0 = Release|x64
		{58A601E1-DB50-46AB-8AA2-69D732249AD9}.Release|x64.Deploy.0 = Release|x64
		{58A601E1-DB50-46AB-8AA2-69D732249AD9}.Release|x86.ActiveCfg = Release|x86
		{58A601E1-DB50-46AB-8AA2-69D732249AD9}.Release|x86.Build.0 = Release|x86
		{58A601E1-DB50-46AB-8AA2-69D732249AD9}.Release|x86.Deploy.0 = Release|x86
	EndGlobalSection
	GlobalSection(SolutionProperties) = preSolution
		HideSolutionNode = FALSE
	EndGlobalSection
EndGlobal
